
Microsoft Visual Studio Solution File, Format Version 11.00
# Visual Studio 2010
Project("{FAE04EC0-301F-11D3-BF4B-00C04F79EFBC}") = "10264-01", "10264-01\10264-01.csproj", "{4A6D91FC-DA0A-4283-AC4B-D46D5D8F5DF7}"
EndProject
Project("{FAE04EC0-301F-11D3-BF4B-00C04F79EFBC}") = "001-TresCamadas-DTO", "001-TresCamadas-DTO\001-TresCamadas-DTO.csproj", "{F33ECB0B-7DA1-4F87-BA6B-9B4903BF460E}"
EndProject
Project("{FAE04EC0-301F-11D3-BF4B-00C04F79EFBC}") = "002-TresCamadas-M-V-VM", "002-TresCamadas-M-V-VM\002-TresCamadas-M-V-VM.csproj", "{E65DDC95-BF5C-4F29-8345-39F4C02A363F}"
EndProject
Project("{FAE04EC0-301F-11D3-BF4B-00C04F79EFBC}") = "003-ObservableCollection", "003-ObservableCollection\003-ObservableCollection.csproj", "{48D655FB-8C40-419D-B3BE-66215FA2BA34}"
EndProject
Project("{FAE04EC0-301F-11D3-BF4B-00C04F79EFBC}") = "004-TresCamadas-MVC", "004-TresCamadas-MVC\004-TresCamadas-MVC.csproj", "{07BB8C04-E49C-47F9-9F93-A9C33DD23826}"
EndProject
Project("{FAE04EC0-301F-11D3-BF4B-00C04F79EFBC}") = "005-MVC", "005-MVC\005-MVC.csproj", "{F3EB4810-925F-4A49-B5DF-370C49591613}"
EndProject
Project("{FAE04EC0-301F-11D3-BF4B-00C04F79EFBC}") = "006-WebFormsLifeCycle", "006-WebFormsLifeCycle\006-WebFormsLifeCycle.csproj", "{E7C685FC-2D43-473B-B52A-BFA20E8E2414}"
EndProject
Project("{FAE04EC0-301F-11D3-BF4B-00C04F79EFBC}") = "007-MVCLifeCycle", "007-MVCLifeCycle\007-MVCLifeCycle.csproj", "{93FB745D-F0F6-4048-BF89-76378D3973B2}"
EndProject
Global
	GlobalSection(SolutionConfigurationPlatforms) = preSolution
		Debug|Any CPU = Debug|Any CPU
		Debug|Mixed Platforms = Debug|Mixed Platforms
		Debug|x86 = Debug|x86
		Release|Any CPU = Release|Any CPU
		Release|Mixed Platforms = Release|Mixed Platforms
		Release|x86 = Release|x86
	EndGlobalSection
	GlobalSection(ProjectConfigurationPlatforms) = postSolution
		{4A6D91FC-DA0A-4283-AC4B-D46D5D8F5DF7}.Debug|Any CPU.ActiveCfg = Debug|x86
		{4A6D91FC-DA0A-4283-AC4B-D46D5D8F5DF7}.Debug|Mixed Platforms.ActiveCfg = Debug|x86
		{4A6D91FC-DA0A-4283-AC4B-D46D5D8F5DF7}.Debug|Mixed Platforms.Build.0 = Debug|x86
		{4A6D91FC-DA0A-4283-AC4B-D46D5D8F5DF7}.Debug|x86.ActiveCfg = Debug|x86
		{4A6D91FC-DA0A-4283-AC4B-D46D5D8F5DF7}.Debug|x86.Build.0 = Debug|x86
		{4A6D91FC-DA0A-4283-AC4B-D46D5D8F5DF7}.Release|Any CPU.ActiveCfg = Release|x86
		{4A6D91FC-DA0A-4283-AC4B-D46D5D8F5DF7}.Release|Mixed Platforms.ActiveCfg = Release|x86
		{4A6D91FC-DA0A-4283-AC4B-D46D5D8F5DF7}.Release|Mixed Platforms.Build.0 = Release|x86
		{4A6D91FC-DA0A-4283-AC4B-D46D5D8F5DF7}.Release|x86.ActiveCfg = Release|x86
		{4A6D91FC-DA0A-4283-AC4B-D46D5D8F5DF7}.Release|x86.Build.0 = Release|x86
		{F33ECB0B-7DA1-4F87-BA6B-9B4903BF460E}.Debug|Any CPU.ActiveCfg = Debug|x86
		{F33ECB0B-7DA1-4F87-BA6B-9B4903BF460E}.Debug|Mixed Platforms.ActiveCfg = Debug|x86
		{F33ECB0B-7DA1-4F87-BA6B-9B4903BF460E}.Debug|Mixed Platforms.Build.0 = Debug|x86
		{F33ECB0B-7DA1-4F87-BA6B-9B4903BF460E}.Debug|x86.ActiveCfg = Debug|x86
		{F33ECB0B-7DA1-4F87-BA6B-9B4903BF460E}.Debug|x86.Build.0 = Debug|x86
		{F33ECB0B-7DA1-4F87-BA6B-9B4903BF460E}.Release|Any CPU.ActiveCfg = Release|x86
		{F33ECB0B-7DA1-4F87-BA6B-9B4903BF460E}.Release|Mixed Platforms.ActiveCfg = Release|x86
		{F33ECB0B-7DA1-4F87-BA6B-9B4903BF460E}.Release|Mixed Platforms.Build.0 = Release|x86
		{F33ECB0B-7DA1-4F87-BA6B-9B4903BF460E}.Release|x86.ActiveCfg = Release|x86
		{F33ECB0B-7DA1-4F87-BA6B-9B4903BF460E}.Release|x86.Build.0 = Release|x86
		{E65DDC95-BF5C-4F29-8345-39F4C02A363F}.Debug|Any CPU.ActiveCfg = Debug|x86
		{E65DDC95-BF5C-4F29-8345-39F4C02A363F}.Debug|Mixed Platforms.ActiveCfg = Debug|x86
		{E65DDC95-BF5C-4F29-8345-39F4C02A363F}.Debug|Mixed Platforms.Build.0 = Debug|x86
		{E65DDC95-BF5C-4F29-8345-39F4C02A363F}.Debug|x86.ActiveCfg = Debug|x86
		{E65DDC95-BF5C-4F29-8345-39F4C02A363F}.Debug|x86.Build.0 = Debug|x86
		{E65DDC95-BF5C-4F29-8345-39F4C02A363F}.Release|Any CPU.ActiveCfg = Release|x86
		{E65DDC95-BF5C-4F29-8345-39F4C02A363F}.Release|Mixed Platforms.ActiveCfg = Release|x86
		{E65DDC95-BF5C-4F29-8345-39F4C02A363F}.Release|Mixed Platforms.Build.0 = Release|x86
		{E65DDC95-BF5C-4F29-8345-39F4C02A363F}.Release|x86.ActiveCfg = Release|x86
		{E65DDC95-BF5C-4F29-8345-39F4C02A363F}.Release|x86.Build.0 = Release|x86
		{48D655FB-8C40-419D-B3BE-66215FA2BA34}.Debug|Any CPU.ActiveCfg = Debug|x86
		{48D655FB-8C40-419D-B3BE-66215FA2BA34}.Debug|Mixed Platforms.ActiveCfg = Debug|x86
		{48D655FB-8C40-419D-B3BE-66215FA2BA34}.Debug|Mixed Platforms.Build.0 = Debug|x86
		{48D655FB-8C40-419D-B3BE-66215FA2BA34}.Debug|x86.ActiveCfg = Debug|x86
		{48D655FB-8C40-419D-B3BE-66215FA2BA34}.Debug|x86.Build.0 = Debug|x86
		{48D655FB-8C40-419D-B3BE-66215FA2BA34}.Release|Any CPU.ActiveCfg = Release|x86
		{48D655FB-8C40-419D-B3BE-66215FA2BA34}.Release|Mixed Platforms.ActiveCfg = Release|x86
		{48D655FB-8C40-419D-B3BE-66215FA2BA34}.Release|Mixed Platforms.Build.0 = Release|x86
		{48D655FB-8C40-419D-B3BE-66215FA2BA34}.Release|x86.ActiveCfg = Release|x86
		{48D655FB-8C40-419D-B3BE-66215FA2BA34}.Release|x86.Build.0 = Release|x86
		{07BB8C04-E49C-47F9-9F93-A9C33DD23826}.Debug|Any CPU.ActiveCfg = Debug|x86
		{07BB8C04-E49C-47F9-9F93-A9C33DD23826}.Debug|Mixed Platforms.ActiveCfg = Debug|x86
		{07BB8C04-E49C-47F9-9F93-A9C33DD23826}.Debug|Mixed Platforms.Build.0 = Debug|x86
		{07BB8C04-E49C-47F9-9F93-A9C33DD23826}.Debug|x86.ActiveCfg = Debug|x86
		{07BB8C04-E49C-47F9-9F93-A9C33DD23826}.Debug|x86.Build.0 = Debug|x86
		{07BB8C04-E49C-47F9-9F93-A9C33DD23826}.Release|Any CPU.ActiveCfg = Release|x86
		{07BB8C04-E49C-47F9-9F93-A9C33DD23826}.Release|Mixed Platforms.ActiveCfg = Release|x86
		{07BB8C04-E49C-47F9-9F93-A9C33DD23826}.Release|Mixed Platforms.Build.0 = Release|x86
		{07BB8C04-E49C-47F9-9F93-A9C33DD23826}.Release|x86.ActiveCfg = Release|x86
		{07BB8C04-E49C-47F9-9F93-A9C33DD23826}.Release|x86.Build.0 = Release|x86
		{F3EB4810-925F-4A49-B5DF-370C49591613}.Debug|Any CPU.ActiveCfg = Debug|Any CPU
		{F3EB4810-925F-4A49-B5DF-370C49591613}.Debug|Any CPU.Build.0 = Debug|Any CPU
		{F3EB4810-925F-4A49-B5DF-370C49591613}.Debug|Mixed Platforms.ActiveCfg = Debug|Any CPU
		{F3EB4810-925F-4A49-B5DF-370C49591613}.Debug|Mixed Platforms.Build.0 = Debug|Any CPU
		{F3EB4810-925F-4A49-B5DF-370C49591613}.Debug|x86.ActiveCfg = Debug|Any CPU
		{F3EB4810-925F-4A49-B5DF-370C49591613}.Release|Any CPU.ActiveCfg = Release|Any CPU
		{F3EB4810-925F-4A49-B5DF-370C49591613}.Release|Any CPU.Build.0 = Release|Any CPU
		{F3EB4810-925F-4A49-B5DF-370C49591613}.Release|Mixed Platforms.ActiveCfg = Release|Any CPU
		{F3EB4810-925F-4A49-B5DF-370C49591613}.Release|Mixed Platforms.Build.0 = Release|Any CPU
		{F3EB4810-925F-4A49-B5DF-370C49591613}.Release|x86.ActiveCfg = Release|Any CPU
		{E7C685FC-2D43-473B-B52A-BFA20E8E2414}.Debug|Any CPU.ActiveCfg = Debug|Any CPU
		{E7C685FC-2D43-473B-B52A-BFA20E8E2414}.Debug|Any CPU.Build.0 = Debug|Any CPU
		{E7C685FC-2D43-473B-B52A-BFA20E8E2414}.Debug|Mixed Platforms.ActiveCfg = Debug|Any CPU
		{E7C685FC-2D43-473B-B52A-BFA20E8E2414}.Debug|Mixed Platforms.Build.0 = Debug|Any CPU
		{E7C685FC-2D43-473B-B52A-BFA20E8E2414}.Debug|x86.ActiveCfg = Debug|Any CPU
		{E7C685FC-2D43-473B-B52A-BFA20E8E2414}.Release|Any CPU.ActiveCfg = Release|Any CPU
		{E7C685FC-2D43-473B-B52A-BFA20E8E2414}.Release|Any CPU.Build.0 = Release|Any CPU
		{E7C685FC-2D43-473B-B52A-BFA20E8E2414}.Release|Mixed Platforms.ActiveCfg = Release|Any CPU
		{E7C685FC-2D43-473B-B52A-BFA20E8E2414}.Release|Mixed Platforms.Build.0 = Release|Any CPU
		{E7C685FC-2D43-473B-B52A-BFA20E8E2414}.Release|x86.ActiveCfg = Release|Any CPU
		{93FB745D-F0F6-4048-BF89-76378D3973B2}.Debug|Any CPU.ActiveCfg = Debug|Any CPU
		{93FB745D-F0F6-4048-BF89-76378D3973B2}.Debug|Any CPU.Build.0 = Debug|Any CPU
		{93FB745D-F0F6-4048-BF89-76378D3973B2}.Debug|Mixed Platforms.ActiveCfg = Debug|Any CPU
		{93FB745D-F0F6-4048-BF89-76378D3973B2}.Debug|Mixed Platforms.Build.0 = Debug|Any CPU
		{93FB745D-F0F6-4048-BF89-76378D3973B2}.Debug|x86.ActiveCfg = Debug|Any CPU
		{93FB745D-F0F6-4048-BF89-76378D3973B2}.Release|Any CPU.ActiveCfg = Release|Any CPU
		{93FB745D-F0F6-4048-BF89-76378D3973B2}.Release|Any CPU.Build.0 = Release|Any CPU
		{93FB745D-F0F6-4048-BF89-76378D3973B2}.Release|Mixed Platforms.ActiveCfg = Release|Any CPU
		{93FB745D-F0F6-4048-BF89-76378D3973B2}.Release|Mixed Platforms.Build.0 = Release|Any CPU
		{93FB745D-F0F6-4048-BF89-76378D3973B2}.Release|x86.ActiveCfg = Release|Any CPU
	EndGlobalSection
	GlobalSection(SolutionProperties) = preSolution
		HideSolutionNode = FALSE
	EndGlobalSection
EndGlobal
